
Microsoft Visual Studio Solution File, Format Version 12.00
# Visual Studio Version 17
VisualStudioVersion = 17.13.35931.197 d17.13
MinimumVisualStudioVersion = 10.0.40219.1
Project("{FAE04EC0-301F-11D3-BF4B-00C04F79EFBC}") = "CryptoTrading", "CryptoTrading.csproj", "{661E156A-2B4E-8930-CB80-BB7D7EAA5EEC}"
EndProject
Project("{FAE04EC0-301F-11D3-BF4B-00C04F79EFBC}") = "CryptoTrading.Persistence", "..\CryptoTrading.Persistence\CryptoTrading.Persistence.csproj", "{6D2EC73B-6EEA-4DFC-B05D-2081DFC450BC}"
EndProject
Global
	GlobalSection(SolutionConfigurationPlatforms) = preSolution
		Debug|Any CPU = Debug|Any CPU
		Release|Any CPU = Release|Any CPU
	EndGlobalSection
	GlobalSection(ProjectConfigurationPlatforms) = postSolution
		{661E156A-2B4E-8930-CB80-BB7D7EAA5EEC}.Debug|Any CPU.ActiveCfg = Debug|Any CPU
		{661E156A-2B4E-8930-CB80-BB7D7EAA5EEC}.Debug|Any CPU.Build.0 = Debug|Any CPU
		{661E156A-2B4E-8930-CB80-BB7D7EAA5EEC}.Release|Any CPU.ActiveCfg = Release|Any CPU
		{661E156A-2B4E-8930-CB80-BB7D7EAA5EEC}.Release|Any CPU.Build.0 = Release|Any CPU
		{6D2EC73B-6EEA-4DFC-B05D-2081DFC450BC}.Debug|Any CPU.ActiveCfg = Debug|Any CPU
		{6D2EC73B-6EEA-4DFC-B05D-2081DFC450BC}.Debug|Any CPU.Build.0 = Debug|Any CPU
		{6D2EC73B-6EEA-4DFC-B05D-2081DFC450BC}.Release|Any CPU.ActiveCfg = Release|Any CPU
		{6D2EC73B-6EEA-4DFC-B05D-2081DFC450BC}.Release|Any CPU.Build.0 = Release|Any CPU
	EndGlobalSection
	GlobalSection(SolutionProperties) = preSolution
		HideSolutionNode = FALSE
	EndGlobalSection
	GlobalSection(ExtensibilityGlobals) = postSolution
		SolutionGuid = {0894AC38-8889-40D4-B307-06BED4F61117}
	EndGlobalSection
EndGlobal
